
Microsoft Visual Studio Solution File, Format Version 12.00
# Visual Studio Version 16
VisualStudioVersion = 16.0.31911.196
MinimumVisualStudioVersion = 10.0.40219.1
Project("{FAE04EC0-301F-11D3-BF4B-00C04F79EFBC}") = "Client", "Client\Client.csproj", "{291CF4FD-04F7-4C71-A5A2-998FAD6EB4E9}"
EndProject
Project("{FAE04EC0-301F-11D3-BF4B-00C04F79EFBC}") = "Server", "Server\Server.csproj", "{A5BA3C20-6E77-4386-B2BB-3B5AEFA24332}"
EndProject
Project("{FAE04EC0-301F-11D3-BF4B-00C04F79EFBC}") = "Common", "Common\Common.csproj", "{D323AD45-E245-4B05-8DEB-D9A54C805E37}"
EndProject
Global
	GlobalSection(SolutionConfigurationPlatforms) = preSolution
		Debug|Any CPU = Debug|Any CPU
		Release|Any CPU = Release|Any CPU
	EndGlobalSection
	GlobalSection(ProjectConfigurationPlatforms) = postSolution
		{291CF4FD-04F7-4C71-A5A2-998FAD6EB4E9}.Debug|Any CPU.ActiveCfg = Debug|Any CPU
		{291CF4FD-04F7-4C71-A5A2-998FAD6EB4E9}.Debug|Any CPU.Build.0 = Debug|Any CPU
		{291CF4FD-04F7-4C71-A5A2-998FAD6EB4E9}.Release|Any CPU.ActiveCfg = Release|Any CPU
		{291CF4FD-04F7-4C71-A5A2-998FAD6EB4E9}.Release|Any CPU.Build.0 = Release|Any CPU
		{A5BA3C20-6E77-4386-B2BB-3B5AEFA24332}.Debug|Any CPU.ActiveCfg = Debug|Any CPU
		{A5BA3C20-6E77-4386-B2BB-3B5AEFA24332}.Debug|Any CPU.Build.0 = Debug|Any CPU
		{A5BA3C20-6E77-4386-B2BB-3B5AEFA24332}.Release|Any CPU.ActiveCfg = Release|Any CPU
		{A5BA3C20-6E77-4386-B2BB-3B5AEFA24332}.Release|Any CPU.Build.0 = Release|Any CPU
		{D323AD45-E245-4B05-8DEB-D9A54C805E37}.Debug|Any CPU.ActiveCfg = Debug|Any CPU
		{D323AD45-E245-4B05-8DEB-D9A54C805E37}.Debug|Any CPU.Build.0 = Debug|Any CPU
		{D323AD45-E245-4B05-8DEB-D9A54C805E37}.Release|Any CPU.ActiveCfg = Release|Any CPU
		{D323AD45-E245-4B05-8DEB-D9A54C805E37}.Release|Any CPU.Build.0 = Release|Any CPU
	EndGlobalSection
	GlobalSection(SolutionProperties) = preSolution
		HideSolutionNode = FALSE
	EndGlobalSection
	GlobalSection(ExtensibilityGlobals) = postSolution
		SolutionGuid = {1D8640E1-5B41-4A63-BF2D-C4BBC7FCBE78}
	EndGlobalSection
EndGlobal
